// !$*UTF8*$!
{
	archiveVersion = 1;
	classes = {
	};
	objectVersion = 55;
	objects = {

/* Begin PBXBuildFile section */
		84496B9F27FB814B0065B057 /* guessflagApp.swift in Sources */ = {isa = PBXBuildFile; fileRef = 84496B9E27FB814B0065B057 /* guessflagApp.swift */; };
		84496BA127FB814B0065B057 /* ContentView.swift in Sources */ = {isa = PBXBuildFile; fileRef = 84496BA027FB814B0065B057 /* ContentView.swift */; };
		84496BA327FB81510065B057 /* Assets.xcassets in Resources */ = {isa = PBXBuildFile; fileRef = 84496BA227FB81510065B057 /* Assets.xcassets */; };
		84496BA627FB81510065B057 /* Preview Assets.xcassets in Resources */ = {isa = PBXBuildFile; fileRef = 84496BA527FB81510065B057 /* Preview Assets.xcassets */; };
		84496BB027FB81520065B057 /* guessflagTests.swift in Sources */ = {isa = PBXBuildFile; fileRef = 84496BAF27FB81520065B057 /* guessflagTests.swift */; };
		84496BBA27FB81520065B057 /* guessflagUITests.swift in Sources */ = {isa = PBXBuildFile; fileRef = 84496BB927FB81520065B057 /* guessflagUITests.swift */; };
		84496BBC27FB81520065B057 /* guessflagUITestsLaunchTests.swift in Sources */ = {isa = PBXBuildFile; fileRef = 84496BBB27FB81520065B057 /* guessflagUITestsLaunchTests.swift */; };
/* End PBXBuildFile section */

/* Begin PBXContainerItemProxy section */
		84496BAC27FB81520065B057 /* PBXContainerItemProxy */ = {
			isa = PBXContainerItemProxy;
			containerPortal = 84496B9327FB814A0065B057 /* Project object */;
			proxyType = 1;
			remoteGlobalIDString = 84496B9A27FB814A0065B057;
			remoteInfo = guessflag;
		};
		84496BB627FB81520065B057 /* PBXContainerItemProxy */ = {
			isa = PBXContainerItemProxy;
			containerPortal = 84496B9327FB814A0065B057 /* Project object */;
			proxyType = 1;
			remoteGlobalIDString = 84496B9A27FB814A0065B057;
			remoteInfo = guessflag;
		};
/* End PBXContainerItemProxy section */

/* Begin PBXFileReference section */
		84496B9B27FB814A0065B057 /* guessflag.app */ = {isa = PBXFileReference; explicitFileType = wrapper.application; includeInIndex = 0; path = guessflag.app; sourceTree = BUILT_PRODUCTS_DIR; };
		84496B9E27FB814B0065B057 /* guessflagApp.swift */ = {isa = PBXFileReference; lastKnownFileType = sourcecode.swift; path = guessflagApp.swift; sourceTree = "<group>"; };
		84496BA027FB814B0065B057 /* ContentView.swift */ = {isa = PBXFileReference; lastKnownFileType = sourcecode.swift; path = ContentView.swift; sourceTree = "<group>"; };
		84496BA227FB81510065B057 /* Assets.xcassets */ = {isa = PBXFileReference; lastKnownFileType = folder.assetcatalog; path = Assets.xcassets; sourceTree = "<group>"; };
		84496BA527FB81510065B057 /* Preview Assets.xcassets */ = {isa = PBXFileReference; lastKnownFileType = folder.assetcatalog; path = "Preview Assets.xcassets"; sourceTree = "<group>"; };
		84496BAB27FB81520065B057 /* guessflagTests.xctest */ = {isa = PBXFileReference; explicitFileType = wrapper.cfbundle; includeInIndex = 0; path = guessflagTests.xctest; sourceTree = BUILT_PRODUCTS_DIR; };
		84496BAF27FB81520065B057 /* guessflagTests.swift */ = {isa = PBXFileReference; lastKnownFileType = sourcecode.swift; path = guessflagTests.swift; sourceTree = "<group>"; };
		84496BB527FB81520065B057 /* guessflagUITests.xctest */ = {isa = PBXFileReference; explicitFileType = wrapper.cfbundle; includeInIndex = 0; path = guessflagUITests.xctest; sourceTree = BUILT_PRODUCTS_DIR; };
		84496BB927FB81520065B057 /* guessflagUITests.swift */ = {isa = PBXFileReference; lastKnownFileType = sourcecode.swift; path = guessflagUITests.swift; sourceTree = "<group>"; };
		84496BBB27FB81520065B057 /* guessflagUITestsLaunchTests.swift */ = {isa = PBXFileReference; lastKnownFileType = sourcecode.swift; path = guessflagUITestsLaunchTests.swift; sourceTree = "<group>"; };
/* End PBXFileReference section */

/* Begin PBXFrameworksBuildPhase section */
		84496B9827FB814A0065B057 /* Frameworks */ = {
			isa = PBXFrameworksBuildPhase;
			buildActionMask = 2147483647;
			files = (
			);
			runOnlyForDeploymentPostprocessing = 0;
		};
		84496BA827FB81520065B057 /* Frameworks */ = {
			isa = PBXFrameworksBuildPhase;
			buildActionMask = 2147483647;
			files = (
			);
			runOnlyForDeploymentPostprocessing = 0;
		};
		84496BB227FB81520065B057 /* Frameworks */ = {
			isa = PBXFrameworksBuildPhase;
			buildActionMask = 2147483647;
			files = (
			);
			runOnlyForDeploymentPostprocessing = 0;
		};
/* End PBXFrameworksBuildPhase section */

/* Begin PBXGroup section */
		84496B9227FB814A0065B057 = {
			isa = PBXGroup;
			children = (
				84496B9D27FB814A0065B057 /* guessflag */,
				84496BAE27FB81520065B057 /* guessflagTests */,
				84496BB827FB81520065B057 /* guessflagUITests */,
				84496B9C27FB814A0065B057 /* Products */,
			);
			sourceTree = "<group>";
		};
		84496B9C27FB814A0065B057 /* Products */ = {
			isa = PBXGroup;
			children = (
				84496B9B27FB814A0065B057 /* guessflag.app */,
				84496BAB27FB81520065B057 /* guessflagTests.xctest */,
				84496BB527FB81520065B057 /* guessflagUITests.xctest */,
			);
			name = Products;
			sourceTree = "<group>";
		};
		84496B9D27FB814A0065B057 /* guessflag */ = {
			isa = PBXGroup;
			children = (
				84496B9E27FB814B0065B057 /* guessflagApp.swift */,
				84496BA027FB814B0065B057 /* ContentView.swift */,
				84496BA227FB81510065B057 /* Assets.xcassets */,
				84496BA427FB81510065B057 /* Preview Content */,
			);
			path = guessflag;
			sourceTree = "<group>";
		};
		84496BA427FB81510065B057 /* Preview Content */ = {
			isa = PBXGroup;
			children = (
				84496BA527FB81510065B057 /* Preview Assets.xcassets */,
			);
			path = "Preview Content";
			sourceTree = "<group>";
		};
		84496BAE27FB81520065B057 /* guessflagTests */ = {
			isa = PBXGroup;
			children = (
				84496BAF27FB81520065B057 /* guessflagTests.swift */,
			);
			path = guessflagTests;
			sourceTree = "<group>";
		};
		84496BB827FB81520065B057 /* guessflagUITests */ = {
			isa = PBXGroup;
			children = (
				84496BB927FB81520065B057 /* guessflagUITests.swift */,
				84496BBB27FB81520065B057 /* guessflagUITestsLaunchTests.swift */,
			);
			path = guessflagUITests;
			sourceTree = "<group>";
		};
/* End PBXGroup section */

/* Begin PBXNativeTarget section */
		84496B9A27FB814A0065B057 /* guessflag */ = {
			isa = PBXNativeTarget;
			buildConfigurationList = 84496BBF27FB81520065B057 /* Build configuration list for PBXNativeTarget "guessflag" */;
			buildPhases = (
				84496B9727FB814A0065B057 /* Sources */,
				84496B9827FB814A0065B057 /* Frameworks */,
				84496B9927FB814A0065B057 /* Resources */,
			);
			buildRules = (
			);
			dependencies = (
			);
			name = guessflag;
			productName = guessflag;
			productReference = 84496B9B27FB814A0065B057 /* guessflag.app */;
			productType = "com.apple.product-type.application";
		};
		84496BAA27FB81520065B057 /* guessflagTests */ = {
			isa = PBXNativeTarget;
			buildConfigurationList = 84496BC227FB81520065B057 /* Build configuration list for PBXNativeTarget "guessflagTests" */;
			buildPhases = (
				84496BA727FB81520065B057 /* Sources */,
				84496BA827FB81520065B057 /* Frameworks */,
				84496BA927FB81520065B057 /* Resources */,
			);
			buildRules = (
			);
			dependencies = (
				84496BAD27FB81520065B057 /* PBXTargetDependency */,
			);
			name = guessflagTests;
			productName = guessflagTests;
			productReference = 84496BAB27FB81520065B057 /* guessflagTests.xctest */;
			productType = "com.apple.product-type.bundle.unit-test";
		};
		84496BB427FB81520065B057 /* guessflagUITests */ = {
			isa = PBXNativeTarget;
			buildConfigurationList = 84496BC527FB81520065B057 /* Build configuration list for PBXNativeTarget "guessflagUITests" */;
			buildPhases = (
				84496BB127FB81520065B057 /* Sources */,
				84496BB227FB81520065B057 /* Frameworks */,
				84496BB327FB81520065B057 /* Resources */,
			);
			buildRules = (
			);
			dependencies = (
				84496BB727FB81520065B057 /* PBXTargetDependency */,
			);
			name = guessflagUITests;
			productName = guessflagUITests;
			productReference = 84496BB527FB81520065B057 /* guessflagUITests.xctest */;
			productType = "com.apple.product-type.bundle.ui-testing";
		};
/* End PBXNativeTarget section */

/* Begin PBXProject section */
		84496B9327FB814A0065B057 /* Project object */ = {
			isa = PBXProject;
			attributes = {
				BuildIndependentTargetsInParallel = 1;
				LastSwiftUpdateCheck = 1320;
				LastUpgradeCheck = 1320;
				TargetAttributes = {
					84496B9A27FB814A0065B057 = {
						CreatedOnToolsVersion = 13.2.1;
					};
					84496BAA27FB81520065B057 = {
						CreatedOnToolsVersion = 13.2.1;
						TestTargetID = 84496B9A27FB814A0065B057;
					};
					84496BB427FB81520065B057 = {
						CreatedOnToolsVersion = 13.2.1;
						TestTargetID = 84496B9A27FB814A0065B057;
					};
				};
			};
			buildConfigurationList = 84496B9627FB814A0065B057 /* Build configuration list for PBXProject "guessflag" */;
			compatibilityVersion = "Xcode 13.0";
			developmentRegion = en;
			hasScannedForEncodings = 0;
			knownRegions = (
				en,
				Base,
			);
			mainGroup = 84496B9227FB814A0065B057;
			productRefGroup = 84496B9C27FB814A0065B057 /* Products */;
			projectDirPath = "";
			projectRoot = "";
			targets = (
				84496B9A27FB814A0065B057 /* guessflag */,
				84496BAA27FB81520065B057 /* guessflagTests */,
				84496BB427FB81520065B057 /* guessflagUITests */,
			);
		};
/* End PBXProject section */

/* Begin PBXResourcesBuildPhase section */
		84496B9927FB814A0065B057 /* Resources */ = {
			isa = PBXResourcesBuildPhase;
			buildActionMask = 2147483647;
			files = (
				84496BA627FB81510065B057 /* Preview Assets.xcassets in Resources */,
				84496BA327FB81510065B057 /* Assets.xcassets in Resources */,
			);
			runOnlyForDeploymentPostprocessing = 0;
		};
		84496BA927FB81520065B057 /* Resources */ = {
			isa = PBXResourcesBuildPhase;
			buildActionMask = 2147483647;
			files = (
			);
			runOnlyForDeploymentPostprocessing = 0;
		};
		84496BB327FB81520065B057 /* Resources */ = {
			isa = PBXResourcesBuildPhase;
			buildActionMask = 2147483647;
			files = (
			);
			runOnlyForDeploymentPostprocessing = 0;
		};
/* End PBXResourcesBuildPhase section */

/* Begin PBXSourcesBuildPhase section */
		84496B9727FB814A0065B057 /* Sources */ = {
			isa = PBXSourcesBuildPhase;
			buildActionMask = 2147483647;
			files = (
				84496BA127FB814B0065B057 /* ContentView.swift in Sources */,
				84496B9F27FB814B0065B057 /* guessflagApp.swift in Sources */,
			);
			runOnlyForDeploymentPostprocessing = 0;
		};
		84496BA727FB81520065B057 /* Sources */ = {
			isa = PBXSourcesBuildPhase;
			buildActionMask = 2147483647;
			files = (
				84496BB027FB81520065B057 /* guessflagTests.swift in Sources */,
			);
			runOnlyForDeploymentPostprocessing = 0;
		};
		84496BB127FB81520065B057 /* Sources */ = {
			isa = PBXSourcesBuildPhase;
			buildActionMask = 2147483647;
			files = (
				84496BBC27FB81520065B057 /* guessflagUITestsLaunchTests.swift in Sources */,
				84496BBA27FB81520065B057 /* guessflagUITests.swift in Sources */,
			);
			runOnlyForDeploymentPostprocessing = 0;
		};
/* End PBXSourcesBuildPhase section */

/* Begin PBXTargetDependency section */
		84496BAD27FB81520065B057 /* PBXTargetDependency */ = {
			isa = PBXTargetDependency;
			target = 84496B9A27FB814A0065B057 /* guessflag */;
			targetProxy = 84496BAC27FB81520065B057 /* PBXContainerItemProxy */;
		};
		84496BB727FB81520065B057 /* PBXTargetDependency */ = {
			isa = PBXTargetDependency;
			target = 84496B9A27FB814A0065B057 /* guessflag */;
			targetProxy = 84496BB627FB81520065B057 /* PBXContainerItemProxy */;
		};
/* End PBXTargetDependency section */

/* Begin XCBuildConfiguration section */
		84496BBD27FB81520065B057 /* Debug */ = {
			isa = XCBuildConfiguration;
			buildSettings = {
				ALWAYS_SEARCH_USER_PATHS = NO;
				CLANG_ANALYZER_NONNULL = YES;
				CLANG_ANALYZER_NUMBER_OBJECT_CONVERSION = YES_AGGRESSIVE;
				CLANG_CXX_LANGUAGE_STANDARD = "gnu++17";
				CLANG_CXX_LIBRARY = "libc++";
				CLANG_ENABLE_MODULES = YES;
				CLANG_ENABLE_OBJC_ARC = YES;
				CLANG_ENABLE_OBJC_WEAK = YES;
				CLANG_WARN_BLOCK_CAPTURE_AUTORELEASING = YES;
				CLANG_WARN_BOOL_CONVERSION = YES;
				CLANG_WARN_COMMA = YES;
				CLANG_WARN_CONSTANT_CONVERSION = YES;
				CLANG_WARN_DEPRECATED_OBJC_IMPLEMENTATIONS = YES;
				CLANG_WARN_DIRECT_OBJC_ISA_USAGE = YES_ERROR;
				CLANG_WARN_DOCUMENTATION_COMMENTS = YES;
				CLANG_WARN_EMPTY_BODY = YES;
				CLANG_WARN_ENUM_CONVERSION = YES;
				CLANG_WARN_INFINITE_RECURSION = YES;
				CLANG_WARN_INT_CONVERSION = YES;
				CLANG_WARN_NON_LITERAL_NULL_CONVERSION = YES;
				CLANG_WARN_OBJC_IMPLICIT_RETAIN_SELF = YES;
				CLANG_WARN_OBJC_LITERAL_CONVERSION = YES;
				CLANG_WARN_OBJC_ROOT_CLASS = YES_ERROR;
				CLANG_WARN_QUOTED_INCLUDE_IN_FRAMEWORK_HEADER = YES;
				CLANG_WARN_RANGE_LOOP_ANALYSIS = YES;
				CLANG_WARN_STRICT_PROTOTYPES = YES;
				CLANG_WARN_SUSPICIOUS_MOVE = YES;
				CLANG_WARN_UNGUARDED_AVAILABILITY = YES_AGGRESSIVE;
				CLANG_WARN_UNREACHABLE_CODE = YES;
				CLANG_WARN__DUPLICATE_METHOD_MATCH = YES;
				COPY_PHASE_STRIP = NO;
				DEBUG_INFORMATION_FORMAT = dwarf;
				ENABLE_STRICT_OBJC_MSGSEND = YES;
				ENABLE_TESTABILITY = YES;
				GCC_C_LANGUAGE_STANDARD = gnu11;
				GCC_DYNAMIC_NO_PIC = NO;
				GCC_NO_COMMON_BLOCKS = YES;
				GCC_OPTIMIZATION_LEVEL = 0;
				GCC_PREPROCESSOR_DEFINITIONS = (
					"DEBUG=1",
					"$(inherited)",
				);
				GCC_WARN_64_TO_32_BIT_CONVERSION = YES;
				GCC_WARN_ABOUT_RETURN_TYPE = YES_ERROR;
				GCC_WARN_UNDECLARED_SELECTOR = YES;
				GCC_WARN_UNINITIALIZED_AUTOS = YES_AGGRESSIVE;
				GCC_WARN_UNUSED_FUNCTION = YES;
				GCC_WARN_UNUSED_VARIABLE = YES;
				IPHONEOS_DEPLOYMENT_TARGET = 15.2;
				MTL_ENABLE_DEBUG_INFO = INCLUDE_SOURCE;
				MTL_FAST_MATH = YES;
				ONLY_ACTIVE_ARCH = YES;
				SDKROOT = iphoneos;
				SWIFT_ACTIVE_COMPILATION_CONDITIONS = DEBUG;
				SWIFT_OPTIMIZATION_LEVEL = "-Onone";
			};
			name = Debug;
		};
		84496BBE27FB81520065B057 /* Release */ = {
			isa = XCBuildConfiguration;
			buildSettings = {
				ALWAYS_SEARCH_USER_PATHS = NO;
				CLANG_ANALYZER_NONNULL = YES;
				CLANG_ANALYZER_NUMBER_OBJECT_CONVERSION = YES_AGGRESSIVE;
				CLANG_CXX_LANGUAGE_STANDARD = "gnu++17";
				CLANG_CXX_LIBRARY = "libc++";
				CLANG_ENABLE_MODULES = YES;
				CLANG_ENABLE_OBJC_ARC = YES;
				CLANG_ENABLE_OBJC_WEAK = YES;
				CLANG_WARN_BLOCK_CAPTURE_AUTORELEASING = YES;
				CLANG_WARN_BOOL_CONVERSION = YES;
				CLANG_WARN_COMMA = YES;
				CLANG_WARN_CONSTANT_CONVERSION = YES;
				CLANG_WARN_DEPRECATED_OBJC_IMPLEMENTATIONS = YES;
				CLANG_WARN_DIRECT_OBJC_ISA_USAGE = YES_ERROR;
				CLANG_WARN_DOCUMENTATION_COMMENTS = YES;
				CLANG_WARN_EMPTY_BODY = YES;
				CLANG_WARN_ENUM_CONVERSION = YES;
				CLANG_WARN_INFINITE_RECURSION = YES;
				CLANG_WARN_INT_CONVERSION = YES;
				CLANG_WARN_NON_LITERAL_NULL_CONVERSION = YES;
				CLANG_WARN_OBJC_IMPLICIT_RETAIN_SELF = YES;
				CLANG_WARN_OBJC_LITERAL_CONVERSION = YES;
				CLANG_WARN_OBJC_ROOT_CLASS = YES_ERROR;
				CLANG_WARN_QUOTED_INCLUDE_IN_FRAMEWORK_HEADER = YES;
				CLANG_WARN_RANGE_LOOP_ANALYSIS = YES;
				CLANG_WARN_STRICT_PROTOTYPES = YES;
				CLANG_WARN_SUSPICIOUS_MOVE = YES;
				CLANG_WARN_UNGUARDED_AVAILABILITY = YES_AGGRESSIVE;
				CLANG_WARN_UNREACHABLE_CODE = YES;
				CLANG_WARN__DUPLICATE_METHOD_MATCH = YES;
				COPY_PHASE_STRIP = NO;
				DEBUG_INFORMATION_FORMAT = "dwarf-with-dsym";
				ENABLE_NS_ASSERTIONS = NO;
				ENABLE_STRICT_OBJC_MSGSEND = YES;
				GCC_C_LANGUAGE_STANDARD = gnu11;
				GCC_NO_COMMON_BLOCKS = YES;
				GCC_WARN_64_TO_32_BIT_CONVERSION = YES;
				GCC_WARN_ABOUT_RETURN_TYPE = YES_ERROR;
				GCC_WARN_UNDECLARED_SELECTOR = YES;
				GCC_WARN_UNINITIALIZED_AUTOS = YES_AGGRESSIVE;
				GCC_WARN_UNUSED_FUNCTION = YES;
				GCC_WARN_UNUSED_VARIABLE = YES;
				IPHONEOS_DEPLOYMENT_TARGET = 15.2;
				MTL_ENABLE_DEBUG_INFO = NO;
				MTL_FAST_MATH = YES;
				SDKROOT = iphoneos;
				SWIFT_COMPILATION_MODE = wholemodule;
				SWIFT_OPTIMIZATION_LEVEL = "-O";
				VALIDATE_PRODUCT = YES;
			};
			name = Release;
		};
		84496BC027FB81520065B057 /* Debug */ = {
			isa = XCBuildConfiguration;
			buildSettings = {
				ASSETCATALOG_COMPILER_APPICON_NAME = AppIcon;
				ASSETCATALOG_COMPILER_GLOBAL_ACCENT_COLOR_NAME = AccentColor;
				CODE_SIGN_STYLE = Automatic;
				CURRENT_PROJECT_VERSION = 1;
				DEVELOPMENT_ASSET_PATHS = "\"guessflag/Preview Content\"";
				ENABLE_PREVIEWS = YES;
				GENERATE_INFOPLIST_FILE = YES;
				INFOPLIST_KEY_UIApplicationSceneManifest_Generation = YES;
				INFOPLIST_KEY_UIApplicationSupportsIndirectInputEvents = YES;
				INFOPLIST_KEY_UILaunchScreen_Generation = YES;
				INFOPLIST_KEY_UISupportedInterfaceOrientations_iPad = "UIInterfaceOrientationPortrait UIInterfaceOrientationPortraitUpsideDown UIInterfaceOrientationLandscapeLeft UIInterfaceOrientationLandscapeRight";
				INFOPLIST_KEY_UISupportedInterfaceOrientations_iPhone = "UIInterfaceOrientationPortrait UIInterfaceOrientationLandscapeLeft UIInterfaceOrientationLandscapeRight";
				LD_RUNPATH_SEARCH_PATHS = (
					"$(inherited)",
					"@executable_path/Frameworks",
				);
				MARKETING_VERSION = 1.0;
				PRODUCT_BUNDLE_IDENTIFIER = koan.guessflag;
				PRODUCT_NAME = "$(TARGET_NAME)";
				SWIFT_EMIT_LOC_STRINGS = YES;
				SWIFT_VERSION = 5.0;
				TARGETED_DEVICE_FAMILY = "1,2";
			};
			name = Debug;
		};
		84496BC127FB81520065B057 /* Release */ = {
			isa = XCBuildConfiguration;
			buildSettings = {
				ASSETCATALOG_COMPILER_APPICON_NAME = AppIcon;
				ASSETCATALOG_COMPILER_GLOBAL_ACCENT_COLOR_NAME = AccentColor;
				CODE_SIGN_STYLE = Automatic;
				CURRENT_PROJECT_VERSION = 1;
				DEVELOPMENT_ASSET_PATHS = "\"guessflag/Preview Content\"";
				ENABLE_PREVIEWS = YES;
				GENERATE_INFOPLIST_FILE = YES;
				INFOPLIST_KEY_UIApplicationSceneManifest_Generation = YES;
				INFOPLIST_KEY_UIApplicationSupportsIndirectInputEvents = YES;
				INFOPLIST_KEY_UILaunchScreen_Generation = YES;
				INFOPLIST_KEY_UISupportedInterfaceOrientations_iPad = "UIInterfaceOrientationPortrait UIInterfaceOrientationPortraitUpsideDown UIInterfaceOrientationLandscapeLeft UIInterfaceOrientationLandscapeRight";
				INFOPLIST_KEY_UISupportedInterfaceOrientations_iPhone = "UIInterfaceOrientationPortrait UIInterfaceOrientationLandscapeLeft UIInterfaceOrientationLandscapeRight";
				LD_RUNPATH_SEARCH_PATHS = (
					"$(inherited)",
					"@executable_path/Frameworks",
				);
				MARKETING_VERSION = 1.0;
				PRODUCT_BUNDLE_IDENTIFIER = koan.guessflag;
				PRODUCT_NAME = "$(TARGET_NAME)";
				SWIFT_EMIT_LOC_STRINGS = YES;
				SWIFT_VERSION = 5.0;
				TARGETED_DEVICE_FAMILY = "1,2";
			};
			name = Release;
		};
		84496BC327FB81520065B057 /* Debug */ = {
			isa = XCBuildConfiguration;
			buildSettings = {
				ALWAYS_EMBED_SWIFT_STANDARD_LIBRARIES = YES;
				BUNDLE_LOADER = "$(TEST_HOST)";
				CODE_SIGN_STYLE = Automatic;
				CURRENT_PROJECT_VERSION = 1;
				GENERATE_INFOPLIST_FILE = YES;
				IPHONEOS_DEPLOYMENT_TARGET = 15.2;
				MARKETING_VERSION = 1.0;
				PRODUCT_BUNDLE_IDENTIFIER = koan.guessflagTests;
				PRODUCT_NAME = "$(TARGET_NAME)";
				SWIFT_EMIT_LOC_STRINGS = NO;
				SWIFT_VERSION = 5.0;
				TARGETED_DEVICE_FAMILY = "1,2";
				TEST_HOST = "$(BUILT_PRODUCTS_DIR)/guessflag.app/guessflag";
			};
			name = Debug;
		};
		84496BC427FB81520065B057 /* Release */ = {
			isa = XCBuildConfiguration;
			buildSettings = {
				ALWAYS_EMBED_SWIFT_STANDARD_LIBRARIES = YES;
				BUNDLE_LOADER = "$(TEST_HOST)";
				CODE_SIGN_STYLE = Automatic;
				CURRENT_PROJECT_VERSION = 1;
				GENERATE_INFOPLIST_FILE = YES;
				IPHONEOS_DEPLOYMENT_TARGET = 15.2;
				MARKETING_VERSION = 1.0;
				PRODUCT_BUNDLE_IDENTIFIER = koan.guessflagTests;
				PRODUCT_NAME = "$(TARGET_NAME)";
				SWIFT_EMIT_LOC_STRINGS = NO;
				SWIFT_VERSION = 5.0;
				TARGETED_DEVICE_FAMILY = "1,2";
				TEST_HOST = "$(BUILT_PRODUCTS_DIR)/guessflag.app/guessflag";
			};
			name = Release;
		};
		84496BC627FB81520065B057 /* Debug */ = {
			isa = XCBuildConfiguration;
			buildSettings = {
				ALWAYS_EMBED_SWIFT_STANDARD_LIBRARIES = YES;
				CODE_SIGN_STYLE = Automatic;
				CURRENT_PROJECT_VERSION = 1;
				GENERATE_INFOPLIST_FILE = YES;
				MARKETING_VERSION = 1.0;
				PRODUCT_BUNDLE_IDENTIFIER = koan.guessflagUITests;
				PRODUCT_NAME = "$(TARGET_NAME)";
				SWIFT_EMIT_LOC_STRINGS = NO;
				SWIFT_VERSION = 5.0;
				TARGETED_DEVICE_FAMILY = "1,2";
				TEST_TARGET_NAME = guessflag;
			};
			name = Debug;
		};
		84496BC727FB81520065B057 /* Release */ = {
			isa = XCBuildConfiguration;
			buildSettings = {
				ALWAYS_EMBED_SWIFT_STANDARD_LIBRARIES = YES;
				CODE_SIGN_STYLE = Automatic;
				CURRENT_PROJECT_VERSION = 1;
				GENERATE_INFOPLIST_FILE = YES;
				MARKETING_VERSION = 1.0;
				PRODUCT_BUNDLE_IDENTIFIER = koan.guessflagUITests;
				PRODUCT_NAME = "$(TARGET_NAME)";
				SWIFT_EMIT_LOC_STRINGS = NO;
				SWIFT_VERSION = 5.0;
				TARGETED_DEVICE_FAMILY = "1,2";
				TEST_TARGET_NAME = guessflag;
			};
			name = Release;
		};
/* End XCBuildConfiguration section */

/* Begin XCConfigurationList section */
		84496B9627FB814A0065B057 /* Build configuration list for PBXProject "guessflag" */ = {
			isa = XCConfigurationList;
			buildConfigurations = (
				84496BBD27FB81520065B057 /* Debug */,
				84496BBE27FB81520065B057 /* Release */,
			);
			defaultConfigurationIsVisible = 0;
			defaultConfigurationName = Release;
		};
		84496BBF27FB81520065B057 /* Build configuration list for PBXNativeTarget "guessflag" */ = {
			isa = XCConfigurationList;
			buildConfigurations = (
				84496BC027FB81520065B057 /* Debug */,
				84496BC127FB81520065B057 /* Release */,
			);
			defaultConfigurationIsVisible = 0;
			defaultConfigurationName = Release;
		};
		84496BC227FB81520065B057 /* Build configuration list for PBXNativeTarget "guessflagTests" */ = {
			isa = XCConfigurationList;
			buildConfigurations = (
				84496BC327FB81520065B057 /* Debug */,
				84496BC427FB81520065B057 /* Release */,
			);
			defaultConfigurationIsVisible = 0;
			defaultConfigurationName = Release;
		};
		84496BC527FB81520065B057 /* Build configuration list for PBXNativeTarget "guessflagUITests" */ = {
			isa = XCConfigurationList;
			buildConfigurations = (
				84496BC627FB81520065B057 /* Debug */,
				84496BC727FB81520065B057 /* Release */,
			);
			defaultConfigurationIsVisible = 0;
			defaultConfigurationName = Release;
		};
/* End XCConfigurationList section */
	};
	rootObject = 84496B9327FB814A0065B057 /* Project object */;
}
